Microsoft Visual Studio Solution File, Format Version 12.00
# Visual Studio Version 17
VisualStudioVersion = 17.5.2.0
MinimumVisualStudioVersion = 10.0.40219.1
Project("{2150E333-8FDC-42A3-9474-1A3956D46DE8}") = "src", "src", "{685ED37E-D781-4B8E-8F9B-05B92B482220}"
EndProject
Project("{FAE04EC0-301F-11D3-BF4B-00C04F79EFBC}") = "SchoolManagement.Domain", "src\SchoolManagement.Domain\SchoolManagement.Domain.csproj", "{F973329C-59A7-4D2A-809B-628673CEB71D}"
EndProject
Project("{FAE04EC0-301F-11D3-BF4B-00C04F79EFBC}") = "SchoolManagement.Application", "src\SchoolManagement.Application\SchoolManagement.Application.csproj", "{4525C517-A38E-4E25-83DC-A3BF60FDF630}"
EndProject
Project("{FAE04EC0-301F-11D3-BF4B-00C04F79EFBC}") = "SchoolManagement.Infrastructure", "src\SchoolManagement.Infrastructure\SchoolManagement.Infrastructure.csproj", "{20569A70-7F73-4DB0-891E-533D2F9F196C}"
EndProject
Project("{FAE04EC0-301F-11D3-BF4B-00C04F79EFBC}") = "SchoolManagement.Api", "src\SchoolManagement.Api\SchoolManagement.Api.csproj", "{51DFC30F-33BA-4031-8B7F-28A5D6206EA8}"
EndProject
Global
	GlobalSection(SolutionConfigurationPlatforms) = preSolution
		Debug|Any CPU = Debug|Any CPU
		Release|Any CPU = Release|Any CPU
	EndGlobalSection
	GlobalSection(ProjectConfigurationPlatforms) = postSolution
		{F973329C-59A7-4D2A-809B-628673CEB71D}.Debug|Any CPU.ActiveCfg = Debug|Any CPU
		{F973329C-59A7-4D2A-809B-628673CEB71D}.Debug|Any CPU.Build.0 = Debug|Any CPU
		{F973329C-59A7-4D2A-809B-628673CEB71D}.Release|Any CPU.ActiveCfg = Release|Any CPU
		{F973329C-59A7-4D2A-809B-628673CEB71D}.Release|Any CPU.Build.0 = Release|Any CPU
		{4525C517-A38E-4E25-83DC-A3BF60FDF630}.Debug|Any CPU.ActiveCfg = Debug|Any CPU
		{4525C517-A38E-4E25-83DC-A3BF60FDF630}.Debug|Any CPU.Build.0 = Debug|Any CPU
		{4525C517-A38E-4E25-83DC-A3BF60FDF630}.Release|Any CPU.ActiveCfg = Release|Any CPU
		{4525C517-A38E-4E25-83DC-A3BF60FDF630}.Release|Any CPU.Build.0 = Release|Any CPU
		{20569A70-7F73-4DB0-891E-533D2F9F196C}.Debug|Any CPU.ActiveCfg = Debug|Any CPU
		{20569A70-7F73-4DB0-891E-533D2F9F196C}.Debug|Any CPU.Build.0 = Debug|Any CPU
		{20569A70-7F73-4DB0-891E-533D2F9F196C}.Release|Any CPU.ActiveCfg = Release|Any CPU
		{20569A70-7F73-4DB0-891E-533D2F9F196C}.Release|Any CPU.Build.0 = Release|Any CPU
		{51DFC30F-33BA-4031-8B7F-28A5D6206EA8}.Debug|Any CPU.ActiveCfg = Debug|Any CPU
		{51DFC30F-33BA-4031-8B7F-28A5D6206EA8}.Debug|Any CPU.Build.0 = Debug|Any CPU
		{51DFC30F-33BA-4031-8B7F-28A5D6206EA8}.Release|Any CPU.ActiveCfg = Release|Any CPU
		{51DFC30F-33BA-4031-8B7F-28A5D6206EA8}.Release|Any CPU.Build.0 = Release|Any CPU
	EndGlobalSection
	GlobalSection(SolutionProperties) = preSolution
		HideSolutionNode = FALSE
	EndGlobalSection
	GlobalSection(ExtensibilityGlobals) = postSolution
		SolutionGuid = {0A2DC223-0B75-43C6-A50F-81BF9397D0E0}
	EndGlobalSection
	GlobalSection(NestedProjects) = preSolution
		{F973329C-59A7-4D2A-809B-628673CEB71D} = {685ED37E-D781-4B8E-8F9B-05B92B482220}
		{4525C517-A38E-4E25-83DC-A3BF60FDF630} = {685ED37E-D781-4B8E-8F9B-05B92B482220}
		{20569A70-7F73-4DB0-891E-533D2F9F196C} = {685ED37E-D781-4B8E-8F9B-05B92B482220}
		{51DFC30F-33BA-4031-8B7F-28A5D6206EA8} = {685ED37E-D781-4B8E-8F9B-05B92B482220}
	EndGlobalSection
EndGlobal
